# This file is automatically @generated by Cargo.
# It is not intended for manual editing.
[[package]]
name = "utf16-lit-dependabot-fails"
version = "0.1.0"
dependencies = [
 "utf16_lit",
]

[[package]]
name = "utf16_lit"
version = "2.0.2"
source = "registry+https://github.com/rust-lang/crates.io-index"
checksum = "14706d2a800ee8ff38c1d3edb873cd616971ea59eb7c0d046bb44ef59b06a1ae"
