# This file is automatically @generated by Cargo.
# It is not intended for manual editing.
[[package]]
name = "utf16-lit-dependabot-fails"
version = "0.1.0"
dependencies = [
 "utf16_lit",
]

[[package]]
name = "utf16_lit"
version = "1.0.1"
source = "registry+https://github.com/rust-lang/crates.io-index"
checksum = "403231d2fb8f0f55daf24cd03571f4fc1bb856e0fa98c1832bbae3f6ff7e7a07"
