# This file is automatically @generated by Cargo.
# It is not intended for manual editing.
[[package]]
name = "utf16-lit-dependabot-fails"
version = "0.1.0"
dependencies = [
 "utf16_lit",
]

[[package]]
name = "utf16_lit"
version = "2.0.1"
source = "registry+https://github.com/rust-lang/crates.io-index"
checksum = "e89cd02b9ae40b7f3f109f450d04fa6816009e8e68ced3da94c7cd1b6f39c481"
